
Microsoft Visual Studio Solution File, Format Version 12.00
# Visual Studio Version 17
VisualStudioVersion = 17.0.31903.59
MinimumVisualStudioVersion = 10.0.40219.1
Project("{2150E333-8FDC-42A3-9474-1A3956D46DE8}") = "src", "src", "{827E0CD3-B72D-47B6-A68D-7590B98EB39B}"
EndProject
Project("{FAE04EC0-301F-11D3-BF4B-00C04F79EFBC}") = "Stockly.Domain", "src\Stockly.Domain\Stockly.Domain.csproj", "{A7460E0C-A647-4A25-BFE6-577A835B087E}"
EndProject
Project("{FAE04EC0-301F-11D3-BF4B-00C04F79EFBC}") = "Stockly.API", "src\Stockly.API\Stockly.API.csproj", "{B8030547-A3A1-464F-A857-B01A7F17EF44}"
EndProject
Project("{FAE04EC0-301F-11D3-BF4B-00C04F79EFBC}") = "Stockly.Application", "src\Stockly.Application\Stockly.Application.csproj", "{B5F69579-7841-4057-8247-11FE8A6B5EFF}"
EndProject
Project("{FAE04EC0-301F-11D3-BF4B-00C04F79EFBC}") = "Stockly.Infrastructure", "src\Stockly.Infrastructure\Stockly.Infrastructure.csproj", "{A182C77F-0DEE-4897-A5C5-B9A0C2D17620}"
EndProject
Project("{2150E333-8FDC-42A3-9474-1A3956D46DE8}") = "tests", "tests", "{0AB3BF05-4346-4AA6-1389-037BE0695223}"
EndProject
Project("{FAE04EC0-301F-11D3-BF4B-00C04F79EFBC}") = "Stockly.Application.Test", "tests\Stockly.Application.Test\Stockly.Application.Test.csproj", "{A0C6AE62-A932-4E75-9F21-D94801DF1E47}"
EndProject
Project("{FAE04EC0-301F-11D3-BF4B-00C04F79EFBC}") = "Stockly.Domain.Test", "tests\Stockly.Domain.Test\Stockly.Domain.Test.csproj", "{8C7C8326-881D-4337-8223-96C171BDA437}"
EndProject
Global
	GlobalSection(SolutionConfigurationPlatforms) = preSolution
		Debug|Any CPU = Debug|Any CPU
		Debug|x64 = Debug|x64
		Debug|x86 = Debug|x86
		Release|Any CPU = Release|Any CPU
		Release|x64 = Release|x64
		Release|x86 = Release|x86
	EndGlobalSection
	GlobalSection(ProjectConfigurationPlatforms) = postSolution
		{A7460E0C-A647-4A25-BFE6-577A835B087E}.Debug|Any CPU.ActiveCfg = Debug|Any CPU
		{A7460E0C-A647-4A25-BFE6-577A835B087E}.Debug|Any CPU.Build.0 = Debug|Any CPU
		{A7460E0C-A647-4A25-BFE6-577A835B087E}.Debug|x64.ActiveCfg = Debug|Any CPU
		{A7460E0C-A647-4A25-BFE6-577A835B087E}.Debug|x64.Build.0 = Debug|Any CPU
		{A7460E0C-A647-4A25-BFE6-577A835B087E}.Debug|x86.ActiveCfg = Debug|Any CPU
		{A7460E0C-A647-4A25-BFE6-577A835B087E}.Debug|x86.Build.0 = Debug|Any CPU
		{A7460E0C-A647-4A25-BFE6-577A835B087E}.Release|Any CPU.ActiveCfg = Release|Any CPU
		{A7460E0C-A647-4A25-BFE6-577A835B087E}.Release|Any CPU.Build.0 = Release|Any CPU
		{A7460E0C-A647-4A25-BFE6-577A835B087E}.Release|x64.ActiveCfg = Release|Any CPU
		{A7460E0C-A647-4A25-BFE6-577A835B087E}.Release|x64.Build.0 = Release|Any CPU
		{A7460E0C-A647-4A25-BFE6-577A835B087E}.Release|x86.ActiveCfg = Release|Any CPU
		{A7460E0C-A647-4A25-BFE6-577A835B087E}.Release|x86.Build.0 = Release|Any CPU
		{B8030547-A3A1-464F-A857-B01A7F17EF44}.Debug|Any CPU.ActiveCfg = Debug|Any CPU
		{B8030547-A3A1-464F-A857-B01A7F17EF44}.Debug|Any CPU.Build.0 = Debug|Any CPU
		{B8030547-A3A1-464F-A857-B01A7F17EF44}.Debug|x64.ActiveCfg = Debug|Any CPU
		{B8030547-A3A1-464F-A857-B01A7F17EF44}.Debug|x64.Build.0 = Debug|Any CPU
		{B8030547-A3A1-464F-A857-B01A7F17EF44}.Debug|x86.ActiveCfg = Debug|Any CPU
		{B8030547-A3A1-464F-A857-B01A7F17EF44}.Debug|x86.Build.0 = Debug|Any CPU
		{B8030547-A3A1-464F-A857-B01A7F17EF44}.Release|Any CPU.ActiveCfg = Release|Any CPU
		{B8030547-A3A1-464F-A857-B01A7F17EF44}.Release|Any CPU.Build.0 = Release|Any CPU
		{B8030547-A3A1-464F-A857-B01A7F17EF44}.Release|x64.ActiveCfg = Release|Any CPU
		{B8030547-A3A1-464F-A857-B01A7F17EF44}.Release|x64.Build.0 = Release|Any CPU
		{B8030547-A3A1-464F-A857-B01A7F17EF44}.Release|x86.ActiveCfg = Release|Any CPU
		{B8030547-A3A1-464F-A857-B01A7F17EF44}.Release|x86.Build.0 = Release|Any CPU
		{B5F69579-7841-4057-8247-11FE8A6B5EFF}.Debug|Any CPU.ActiveCfg = Debug|Any CPU
		{B5F69579-7841-4057-8247-11FE8A6B5EFF}.Debug|Any CPU.Build.0 = Debug|Any CPU
		{B5F69579-7841-4057-8247-11FE8A6B5EFF}.Debug|x64.ActiveCfg = Debug|Any CPU
		{B5F69579-7841-4057-8247-11FE8A6B5EFF}.Debug|x64.Build.0 = Debug|Any CPU
		{B5F69579-7841-4057-8247-11FE8A6B5EFF}.Debug|x86.ActiveCfg = Debug|Any CPU
		{B5F69579-7841-4057-8247-11FE8A6B5EFF}.Debug|x86.Build.0 = Debug|Any CPU
		{B5F69579-7841-4057-8247-11FE8A6B5EFF}.Release|Any CPU.ActiveCfg = Release|Any CPU
		{B5F69579-7841-4057-8247-11FE8A6B5EFF}.Release|Any CPU.Build.0 = Release|Any CPU
		{B5F69579-7841-4057-8247-11FE8A6B5EFF}.Release|x64.ActiveCfg = Release|Any CPU
		{B5F69579-7841-4057-8247-11FE8A6B5EFF}.Release|x64.Build.0 = Release|Any CPU
		{B5F69579-7841-4057-8247-11FE8A6B5EFF}.Release|x86.ActiveCfg = Release|Any CPU
		{B5F69579-7841-4057-8247-11FE8A6B5EFF}.Release|x86.Build.0 = Release|Any CPU
		{A182C77F-0DEE-4897-A5C5-B9A0C2D17620}.Debug|Any CPU.ActiveCfg = Debug|Any CPU
		{A182C77F-0DEE-4897-A5C5-B9A0C2D17620}.Debug|Any CPU.Build.0 = Debug|Any CPU
		{A182C77F-0DEE-4897-A5C5-B9A0C2D17620}.Debug|x64.ActiveCfg = Debug|Any CPU
		{A182C77F-0DEE-4897-A5C5-B9A0C2D17620}.Debug|x64.Build.0 = Debug|Any CPU
		{A182C77F-0DEE-4897-A5C5-B9A0C2D17620}.Debug|x86.ActiveCfg = Debug|Any CPU
		{A182C77F-0DEE-4897-A5C5-B9A0C2D17620}.Debug|x86.Build.0 = Debug|Any CPU
		{A182C77F-0DEE-4897-A5C5-B9A0C2D17620}.Release|Any CPU.ActiveCfg = Release|Any CPU
		{A182C77F-0DEE-4897-A5C5-B9A0C2D17620}.Release|Any CPU.Build.0 = Release|Any CPU
		{A182C77F-0DEE-4897-A5C5-B9A0C2D17620}.Release|x64.ActiveCfg = Release|Any CPU
		{A182C77F-0DEE-4897-A5C5-B9A0C2D17620}.Release|x64.Build.0 = Release|Any CPU
		{A182C77F-0DEE-4897-A5C5-B9A0C2D17620}.Release|x86.ActiveCfg = Release|Any CPU
		{A182C77F-0DEE-4897-A5C5-B9A0C2D17620}.Release|x86.Build.0 = Release|Any CPU
		{A0C6AE62-A932-4E75-9F21-D94801DF1E47}.Debug|Any CPU.ActiveCfg = Debug|Any CPU
		{A0C6AE62-A932-4E75-9F21-D94801DF1E47}.Debug|Any CPU.Build.0 = Debug|Any CPU
		{A0C6AE62-A932-4E75-9F21-D94801DF1E47}.Debug|x64.ActiveCfg = Debug|Any CPU
		{A0C6AE62-A932-4E75-9F21-D94801DF1E47}.Debug|x64.Build.0 = Debug|Any CPU
		{A0C6AE62-A932-4E75-9F21-D94801DF1E47}.Debug|x86.ActiveCfg = Debug|Any CPU
		{A0C6AE62-A932-4E75-9F21-D94801DF1E47}.Debug|x86.Build.0 = Debug|Any CPU
		{A0C6AE62-A932-4E75-9F21-D94801DF1E47}.Release|Any CPU.ActiveCfg = Release|Any CPU
		{A0C6AE62-A932-4E75-9F21-D94801DF1E47}.Release|Any CPU.Build.0 = Release|Any CPU
		{A0C6AE62-A932-4E75-9F21-D94801DF1E47}.Release|x64.ActiveCfg = Release|Any CPU
		{A0C6AE62-A932-4E75-9F21-D94801DF1E47}.Release|x64.Build.0 = Release|Any CPU
		{A0C6AE62-A932-4E75-9F21-D94801DF1E47}.Release|x86.ActiveCfg = Release|Any CPU
		{A0C6AE62-A932-4E75-9F21-D94801DF1E47}.Release|x86.Build.0 = Release|Any CPU
		{8C7C8326-881D-4337-8223-96C171BDA437}.Debug|Any CPU.ActiveCfg = Debug|Any CPU
		{8C7C8326-881D-4337-8223-96C171BDA437}.Debug|Any CPU.Build.0 = Debug|Any CPU
		{8C7C8326-881D-4337-8223-96C171BDA437}.Debug|x64.ActiveCfg = Debug|Any CPU
		{8C7C8326-881D-4337-8223-96C171BDA437}.Debug|x64.Build.0 = Debug|Any CPU
		{8C7C8326-881D-4337-8223-96C171BDA437}.Debug|x86.ActiveCfg = Debug|Any CPU
		{8C7C8326-881D-4337-8223-96C171BDA437}.Debug|x86.Build.0 = Debug|Any CPU
		{8C7C8326-881D-4337-8223-96C171BDA437}.Release|Any CPU.ActiveCfg = Release|Any CPU
		{8C7C8326-881D-4337-8223-96C171BDA437}.Release|Any CPU.Build.0 = Release|Any CPU
		{8C7C8326-881D-4337-8223-96C171BDA437}.Release|x64.ActiveCfg = Release|Any CPU
		{8C7C8326-881D-4337-8223-96C171BDA437}.Release|x64.Build.0 = Release|Any CPU
		{8C7C8326-881D-4337-8223-96C171BDA437}.Release|x86.ActiveCfg = Release|Any CPU
		{8C7C8326-881D-4337-8223-96C171BDA437}.Release|x86.Build.0 = Release|Any CPU
	EndGlobalSection
	GlobalSection(SolutionProperties) = preSolution
		HideSolutionNode = FALSE
	EndGlobalSection
	GlobalSection(NestedProjects) = preSolution
		{A7460E0C-A647-4A25-BFE6-577A835B087E} = {827E0CD3-B72D-47B6-A68D-7590B98EB39B}
		{B8030547-A3A1-464F-A857-B01A7F17EF44} = {827E0CD3-B72D-47B6-A68D-7590B98EB39B}
		{B5F69579-7841-4057-8247-11FE8A6B5EFF} = {827E0CD3-B72D-47B6-A68D-7590B98EB39B}
		{A182C77F-0DEE-4897-A5C5-B9A0C2D17620} = {827E0CD3-B72D-47B6-A68D-7590B98EB39B}
		{A0C6AE62-A932-4E75-9F21-D94801DF1E47} = {0AB3BF05-4346-4AA6-1389-037BE0695223}
		{8C7C8326-881D-4337-8223-96C171BDA437} = {0AB3BF05-4346-4AA6-1389-037BE0695223}
	EndGlobalSection
EndGlobal
